
Microsoft Visual Studio Solution File, Format Version 12.00
# Visual Studio Version 17
VisualStudioVersion = 17.9.34723.18
MinimumVisualStudioVersion = 10.0.40219.1
Project("{FAE04EC0-301F-11D3-BF4B-00C04F79EFBC}") = "Task-4", "Task-4\Task-4.csproj", "{2F5FFEAB-4575-4C57-85B1-9512A872AAAB}"
EndProject
Global
	GlobalSection(SolutionConfigurationPlatforms) = preSolution
		Debug|Any CPU = Debug|Any CPU
		Release|Any CPU = Release|Any CPU
	EndGlobalSection
	GlobalSection(ProjectConfigurationPlatforms) = postSolution
		{2F5FFEAB-4575-4C57-85B1-9512A872AAAB}.Debug|Any CPU.ActiveCfg = Debug|Any CPU
		{2F5FFEAB-4575-4C57-85B1-9512A872AAAB}.Debug|Any CPU.Build.0 = Debug|Any CPU
		{2F5FFEAB-4575-4C57-85B1-9512A872AAAB}.Release|Any CPU.ActiveCfg = Release|Any CPU
		{2F5FFEAB-4575-4C57-85B1-9512A872AAAB}.Release|Any CPU.Build.0 = Release|Any CPU
	EndGlobalSection
	GlobalSection(SolutionProperties) = preSolution
		HideSolutionNode = FALSE
	EndGlobalSection
	GlobalSection(ExtensibilityGlobals) = postSolution
		SolutionGuid = {E31F6FF7-BD71-4622-8F6E-FABF94E9587E}
	EndGlobalSection
EndGlobal
